
Microsoft Visual Studio Solution File, Format Version 12.00
Project("{FAE04EC0-301F-11D3-BF4B-00C04F79EFBC}") = "APBD_1", "APBD_1\APBD_1.csproj", "{97C06B30-6E64-4639-89AF-A1A86E243800}"
EndProject
Global
	GlobalSection(SolutionConfigurationPlatforms) = preSolution
		Debug|Any CPU = Debug|Any CPU
		Release|Any CPU = Release|Any CPU
	EndGlobalSection
	GlobalSection(ProjectConfigurationPlatforms) = postSolution
		{97C06B30-6E64-4639-89AF-A1A86E243800}.Debug|Any CPU.ActiveCfg = Debug|Any CPU
		{97C06B30-6E64-4639-89AF-A1A86E243800}.Debug|Any CPU.Build.0 = Debug|Any CPU
		{97C06B30-6E64-4639-89AF-A1A86E243800}.Release|Any CPU.ActiveCfg = Release|Any CPU
		{97C06B30-6E64-4639-89AF-A1A86E243800}.Release|Any CPU.Build.0 = Release|Any CPU
	EndGlobalSection
EndGlobal
